
Microsoft Visual Studio Solution File, Format Version 12.00
# Visual Studio 15
VisualStudioVersion = 15.0.27130.2026
MinimumVisualStudioVersion = 10.0.40219.1
Project("{9A19103F-16F7-4668-BE54-9A1E7A4F7556}") = "Monkey", "Monkey\Monkey.csproj", "{1ADCB4D4-53CC-46C1-940A-79C2B51A6A96}"
EndProject
Project("{9A19103F-16F7-4668-BE54-9A1E7A4F7556}") = "MonkeyTests", "MonkeyTests\MonkeyTests.csproj", "{B379F230-CFC1-453D-A5BA-21EFD7420A1F}"
EndProject
Global
	GlobalSection(SolutionConfigurationPlatforms) = preSolution
		Debug|Any CPU = Debug|Any CPU
		Release|Any CPU = Release|Any CPU
	EndGlobalSection
	GlobalSection(ProjectConfigurationPlatforms) = postSolution
		{1ADCB4D4-53CC-46C1-940A-79C2B51A6A96}.Debug|Any CPU.ActiveCfg = Debug|Any CPU
		{1ADCB4D4-53CC-46C1-940A-79C2B51A6A96}.Debug|Any CPU.Build.0 = Debug|Any CPU
		{1ADCB4D4-53CC-46C1-940A-79C2B51A6A96}.Release|Any CPU.ActiveCfg = Release|Any CPU
		{1ADCB4D4-53CC-46C1-940A-79C2B51A6A96}.Release|Any CPU.Build.0 = Release|Any CPU
		{B379F230-CFC1-453D-A5BA-21EFD7420A1F}.Debug|Any CPU.ActiveCfg = Debug|Any CPU
		{B379F230-CFC1-453D-A5BA-21EFD7420A1F}.Debug|Any CPU.Build.0 = Debug|Any CPU
		{B379F230-CFC1-453D-A5BA-21EFD7420A1F}.Release|Any CPU.ActiveCfg = Release|Any CPU
		{B379F230-CFC1-453D-A5BA-21EFD7420A1F}.Release|Any CPU.Build.0 = Release|Any CPU
	EndGlobalSection
	GlobalSection(SolutionProperties) = preSolution
		HideSolutionNode = FALSE
	EndGlobalSection
	GlobalSection(ExtensibilityGlobals) = postSolution
		SolutionGuid = {860E2A23-654A-489D-A655-42390E2C4B82}
	EndGlobalSection
EndGlobal
